{
  "nodes": {
    "darwin": {
      "inputs": {
        "nixpkgs": [
          "nixpkgs"
        ]
      },
      "locked": {
        "lastModified": 1743127615,
        "narHash": "sha256-+sMGqywrSr50BGMLMeY789mSrzjkoxZiu61eWjYS/8o=",
        "owner": "lnl7",
        "repo": "nix-darwin",
        "rev": "fc843893cecc1838a59713ee3e50e9e7edc6207c",
        "type": "github"
      },
      "original": {
        "owner": "lnl7",
        "ref": "nix-darwin-24.11",
        "repo": "nix-darwin",
        "type": "github"
      }
    },
    "dotfiles": {
      "flake": false,
      "locked": {
        "lastModified": 1737381808,
        "narHash": "sha256-8iX9gv7R/bpmwr5aedF8Dl6tgKo+bKNyXV2MLp8AyGE=",
        "ref": "refs/heads/master",
        "rev": "8a22bbd9fdeb3fe2bad5583fc7f8af8ac1899877",
        "revCount": 494,
        "submodules": true,
        "type": "git",
        "url": "https://github.com/lexisother/dotfiles"
      },
      "original": {
        "submodules": true,
        "type": "git",
        "url": "https://github.com/lexisother/dotfiles"
      }
    },
    "home-manager": {
      "inputs": {
        "nixpkgs": [
          "nixpkgs"
        ]
      },
      "locked": {
        "lastModified": 1744743431,
        "narHash": "sha256-iyn/WBYDc7OtjSawbegINDe/gIkok888kQxk3aVnkgg=",
        "owner": "nix-community",
        "repo": "home-manager",
        "rev": "c61bfe3ae692f42ce688b5865fac9e0de58e1387",
        "type": "github"
      },
      "original": {
        "owner": "nix-community",
        "ref": "release-24.11",
        "repo": "home-manager",
        "type": "github"
      }
    },
    "nixpkgs": {
      "locked": {
        "lastModified": 1744492897,
        "narHash": "sha256-qqKO4FOo/vPmNIaRPcLqwfudUlQ29iNdI1IbCZfjmxs=",
        "owner": "NixOS",
        "repo": "nixpkgs",
        "rev": "86484f6076aac9141df2bfcddbf7dcfce5e0c6bb",
        "type": "github"
      },
      "original": {
        "owner": "NixOS",
        "ref": "nixpkgs-24.11-darwin",
        "repo": "nixpkgs",
        "type": "github"
      }
    },
    "root": {
      "inputs": {
        "darwin": "darwin",
        "dotfiles": "dotfiles",
        "home-manager": "home-manager",
        "nixpkgs": "nixpkgs"
      }
    }
  },
  "root": "root",
  "version": 7
}
